
Microsoft Visual Studio Solution File, Format Version 12.00
# Visual Studio Version 17
VisualStudioVersion = 17.11.35222.181
MinimumVisualStudioVersion = 10.0.40219.1
Project("{9A19103F-16F7-4668-BE54-9A1E7A4F7556}") = "AzureBlobWebAPIDemo", "AzureBlobWebAPIDemo\AzureBlobWebAPIDemo.csproj", "{22CD51D5-E937-4113-9CD5-7C9429AC854C}"
EndProject
Project("{FAE04EC0-301F-11D3-BF4B-00C04F79EFBC}") = "AzureBlogWebAppDemo", "AzureBlogWebAppDemo\AzureBlogWebAppDemo.csproj", "{C3C36AD7-14DF-4CC4-A257-114B60686A01}"
EndProject
Global
	GlobalSection(SolutionConfigurationPlatforms) = preSolution
		Debug|Any CPU = Debug|Any CPU
		Release|Any CPU = Release|Any CPU
	EndGlobalSection
	GlobalSection(ProjectConfigurationPlatforms) = postSolution
		{22CD51D5-E937-4113-9CD5-7C9429AC854C}.Debug|Any CPU.ActiveCfg = Debug|Any CPU
		{22CD51D5-E937-4113-9CD5-7C9429AC854C}.Debug|Any CPU.Build.0 = Debug|Any CPU
		{22CD51D5-E937-4113-9CD5-7C9429AC854C}.Release|Any CPU.ActiveCfg = Release|Any CPU
		{22CD51D5-E937-4113-9CD5-7C9429AC854C}.Release|Any CPU.Build.0 = Release|Any CPU
		{C3C36AD7-14DF-4CC4-A257-114B60686A01}.Debug|Any CPU.ActiveCfg = Debug|Any CPU
		{C3C36AD7-14DF-4CC4-A257-114B60686A01}.Debug|Any CPU.Build.0 = Debug|Any CPU
		{C3C36AD7-14DF-4CC4-A257-114B60686A01}.Release|Any CPU.ActiveCfg = Release|Any CPU
		{C3C36AD7-14DF-4CC4-A257-114B60686A01}.Release|Any CPU.Build.0 = Release|Any CPU
	EndGlobalSection
	GlobalSection(SolutionProperties) = preSolution
		HideSolutionNode = FALSE
	EndGlobalSection
	GlobalSection(ExtensibilityGlobals) = postSolution
		SolutionGuid = {48880D9B-57D1-48A6-863C-ACB97766236E}
	EndGlobalSection
EndGlobal
